// !$*UTF8*$!
{
	archiveVersion = 1;
	classes = {
	};
	objectVersion = 50;
	objects = {

/* Begin PBXBuildFile section */
		351345BA27F90B6000658436 /* MovieResponse.swift in Sources */ = {isa = PBXBuildFile; fileRef = 351345B927F90B6000658436 /* MovieResponse.swift */; };
		351345BC27F90B8100658436 /* MovieGenre.swift in Sources */ = {isa = PBXBuildFile; fileRef = 351345BB27F90B8100658436 /* MovieGenre.swift */; };
		351345BE27F90BA500658436 /* MovieCredit.swift in Sources */ = {isa = PBXBuildFile; fileRef = 351345BD27F90BA500658436 /* MovieCredit.swift */; };
		351345C027F90BB500658436 /* MovieCast.swift in Sources */ = {isa = PBXBuildFile; fileRef = 351345BF27F90BB500658436 /* MovieCast.swift */; };
		351345C227F90BD800658436 /* MovieCrew.swift in Sources */ = {isa = PBXBuildFile; fileRef = 351345C127F90BD800658436 /* MovieCrew.swift */; };
		351345C427F90BEB00658436 /* MovieVideoResponse.swift in Sources */ = {isa = PBXBuildFile; fileRef = 351345C327F90BEB00658436 /* MovieVideoResponse.swift */; };
		351345C627F90BFD00658436 /* MovieVideo.swift in Sources */ = {isa = PBXBuildFile; fileRef = 351345C527F90BFD00658436 /* MovieVideo.swift */; };
		351345CA27F90CB400658436 /* MovieVideoTests.swift in Sources */ = {isa = PBXBuildFile; fileRef = 351345C927F90CB400658436 /* MovieVideoTests.swift */; };
		35CA726127F8E2330025825D /* tmdbUITests.swift in Sources */ = {isa = PBXBuildFile; fileRef = 35CA726027F8E2330025825D /* tmdbUITests.swift */; };
		35CA726327F8E2330025825D /* tmdbUITestsLaunchTests.swift in Sources */ = {isa = PBXBuildFile; fileRef = 35CA726227F8E2330025825D /* tmdbUITestsLaunchTests.swift */; };
		35F4FFD927F772F200C80006 /* tmdbTests.swift in Sources */ = {isa = PBXBuildFile; fileRef = 35F4FFD827F772F200C80006 /* tmdbTests.swift */; };
		8D0C547A27EEC84000EF8B41 /* MovieDetailView.swift in Sources */ = {isa = PBXBuildFile; fileRef = 8D0C547927EEC84000EF8B41 /* MovieDetailView.swift */; };
		8D0C547D27EEC8C600EF8B41 /* MovieDetailState.swift in Sources */ = {isa = PBXBuildFile; fileRef = 8D0C547C27EEC8C600EF8B41 /* MovieDetailState.swift */; };
		8D0C548027EECB7800EF8B41 /* MovieDetailListView.swift in Sources */ = {isa = PBXBuildFile; fileRef = 8D0C547F27EECB7800EF8B41 /* MovieDetailListView.swift */; };
		8D0C548327EECBF000EF8B41 /* MovieDetailImage.swift in Sources */ = {isa = PBXBuildFile; fileRef = 8D0C548227EECBF000EF8B41 /* MovieDetailImage.swift */; };
		8DC311C127EE9C1E0095464D /* MovieThumbnailView.swift in Sources */ = {isa = PBXBuildFile; fileRef = 8DC311C027EE9C1E0095464D /* MovieThumbnailView.swift */; };
		8DC311C427EE9EAF0095464D /* MovieThumbnailCarouselView.swift in Sources */ = {isa = PBXBuildFile; fileRef = 8DC311C327EE9EAF0095464D /* MovieThumbnailCarouselView.swift */; };
		8DC311C827EEA0050095464D /* MovieHomeView.swift in Sources */ = {isa = PBXBuildFile; fileRef = 8DC311C727EEA0050095464D /* MovieHomeView.swift */; };
		8DC311CB27EEA0520095464D /* MovieListState.swift in Sources */ = {isa = PBXBuildFile; fileRef = 8DC311CA27EEA0520095464D /* MovieListState.swift */; };
		8DC311D027EEA2CA0095464D /* ActivityIndicatorView.swift in Sources */ = {isa = PBXBuildFile; fileRef = 8DC311CF27EEA2CA0095464D /* ActivityIndicatorView.swift */; };
		8DC311D427EEA3630095464D /* LoadingView.swift in Sources */ = {isa = PBXBuildFile; fileRef = 8DC311D327EEA3630095464D /* LoadingView.swift */; };
		8DDD07FF27EEDD7E00B6D0BD /* SafariView.swift in Sources */ = {isa = PBXBuildFile; fileRef = 8DDD07FE27EEDD7E00B6D0BD /* SafariView.swift */; };
		8DDD080327EFC20800B6D0BD /* MovieSearchView.swift in Sources */ = {isa = PBXBuildFile; fileRef = 8DDD080227EFC20800B6D0BD /* MovieSearchView.swift */; };
		8DDD080627EFC2B100B6D0BD /* SearchBarView.swift in Sources */ = {isa = PBXBuildFile; fileRef = 8DDD080527EFC2B100B6D0BD /* SearchBarView.swift */; };
		8DDD080927EFC3A800B6D0BD /* MovieSearchState.swift in Sources */ = {isa = PBXBuildFile; fileRef = 8DDD080827EFC3A800B6D0BD /* MovieSearchState.swift */; };
		8DF8691727EE246E00288F17 /* AppDelegate.swift in Sources */ = {isa = PBXBuildFile; fileRef = 8DF8691627EE246E00288F17 /* AppDelegate.swift */; };
		8DF8691927EE246E00288F17 /* SceneDelegate.swift in Sources */ = {isa = PBXBuildFile; fileRef = 8DF8691827EE246E00288F17 /* SceneDelegate.swift */; };
		8DF8691B27EE246E00288F17 /* ContentView.swift in Sources */ = {isa = PBXBuildFile; fileRef = 8DF8691A27EE246E00288F17 /* ContentView.swift */; };
		8DF8691D27EE246F00288F17 /* Assets.xcassets in Resources */ = {isa = PBXBuildFile; fileRef = 8DF8691C27EE246F00288F17 /* Assets.xcassets */; };
		8DF8692027EE246F00288F17 /* Preview Assets.xcassets in Resources */ = {isa = PBXBuildFile; fileRef = 8DF8691F27EE246F00288F17 /* Preview Assets.xcassets */; };
		8DF8692327EE246F00288F17 /* LaunchScreen.storyboard in Resources */ = {isa = PBXBuildFile; fileRef = 8DF8692127EE246F00288F17 /* LaunchScreen.storyboard */; };
		8DF8692E27EE274E00288F17 /* Movie.swift in Sources */ = {isa = PBXBuildFile; fileRef = 8DF8692D27EE274E00288F17 /* Movie.swift */; };
		8DF8693327EE284800288F17 /* MovieService.swift in Sources */ = {isa = PBXBuildFile; fileRef = 8DF8693227EE284800288F17 /* MovieService.swift */; };
		8DF8693627EE2BB300288F17 /* MovieStore.swift in Sources */ = {isa = PBXBuildFile; fileRef = 8DF8693527EE2BB300288F17 /* MovieStore.swift */; };
		8DF8693927EE2D2100288F17 /* Utils.swift in Sources */ = {isa = PBXBuildFile; fileRef = 8DF8693827EE2D2100288F17 /* Utils.swift */; };
		8DF8693C27EE3BAF00288F17 /* Movie+Stub.swift in Sources */ = {isa = PBXBuildFile; fileRef = 8DF8693B27EE3BAF00288F17 /* Movie+Stub.swift */; };
		8DF8694027EE3F8100288F17 /* movie_info.json in Sources */ = {isa = PBXBuildFile; fileRef = 8DF8693F27EE3F8100288F17 /* movie_info.json */; };
		8DF8694527EE3FA600288F17 /* movie_list.json in Sources */ = {isa = PBXBuildFile; fileRef = 8DF8694427EE3FA600288F17 /* movie_list.json */; };
		8DF8694927EE3FC900288F17 /* seach_movie.json in Sources */ = {isa = PBXBuildFile; fileRef = 8DF8694827EE3FC900288F17 /* seach_movie.json */; };
		8DF8695327EE439000288F17 /* ImageLoader.swift in Sources */ = {isa = PBXBuildFile; fileRef = 8DF8695227EE439000288F17 /* ImageLoader.swift */; };
		FF7E0F9A27F228ED00852639 /* MoviesByCategoryView.swift in Sources */ = {isa = PBXBuildFile; fileRef = FF7E0F9927F228ED00852639 /* MoviesByCategoryView.swift */; };
		FFB3B04327F182D700413F7A /* MovieRowView.swift in Sources */ = {isa = PBXBuildFile; fileRef = FFB3B04227F182D700413F7A /* MovieRowView.swift */; };
		FFE6C80A27F369D0007C76A5 /* PagingData.swift in Sources */ = {isa = PBXBuildFile; fileRef = FFE6C80927F369D0007C76A5 /* PagingData.swift */; };
		FFF4C7C327F0E1A0005415A4 /* MovieSection.swift in Sources */ = {isa = PBXBuildFile; fileRef = FFF4C7C227F0E1A0005415A4 /* MovieSection.swift */; };
		FFF4C7C527F0F730005415A4 /* DataFetchPhase.swift in Sources */ = {isa = PBXBuildFile; fileRef = FFF4C7C427F0F730005415A4 /* DataFetchPhase.swift */; };
		FFF4C7C827F0F81A005415A4 /* RetryView.swift in Sources */ = {isa = PBXBuildFile; fileRef = FFF4C7C727F0F81A005415A4 /* RetryView.swift */; };
		FFF4C7CA27F0F8C9005415A4 /* EmptyPlaceholderView.swift in Sources */ = {isa = PBXBuildFile; fileRef = FFF4C7C927F0F8C9005415A4 /* EmptyPlaceholderView.swift */; };
		FFF4C7CC27F0F9A0005415A4 /* DataFetchPhaseOverlayView.swift in Sources */ = {isa = PBXBuildFile; fileRef = FFF4C7CB27F0F9A0005415A4 /* DataFetchPhaseOverlayView.swift */; };
		FFF4C7CE27F10DF3005415A4 /* MovieHomeState.swift in Sources */ = {isa = PBXBuildFile; fileRef = FFF4C7CD27F10DF3005415A4 /* MovieHomeState.swift */; };
/* End PBXBuildFile section */

/* Begin PBXContainerItemProxy section */
		35CA726427F8E2330025825D /* PBXContainerItemProxy */ = {
			isa = PBXContainerItemProxy;
			containerPortal = 8DF8690B27EE246E00288F17 /* Project object */;
			proxyType = 1;
			remoteGlobalIDString = 8DF8691227EE246E00288F17;
			remoteInfo = tmdb;
		};
		35F4FFDA27F772F200C80006 /* PBXContainerItemProxy */ = {
			isa = PBXContainerItemProxy;
			containerPortal = 8DF8690B27EE246E00288F17 /* Project object */;
			proxyType = 1;
			remoteGlobalIDString = 8DF8691227EE246E00288F17;
			remoteInfo = tmdb;
		};
/* End PBXContainerItemProxy section */

/* Begin PBXFileReference section */
		351345B927F90B6000658436 /* MovieResponse.swift */ = {isa = PBXFileReference; lastKnownFileType = sourcecode.swift; path = MovieResponse.swift; sourceTree = "<group>"; };
		351345BB27F90B8100658436 /* MovieGenre.swift */ = {isa = PBXFileReference; lastKnownFileType = sourcecode.swift; path = MovieGenre.swift; sourceTree = "<group>"; };
		351345BD27F90BA500658436 /* MovieCredit.swift */ = {isa = PBXFileReference; lastKnownFileType = sourcecode.swift; path = MovieCredit.swift; sourceTree = "<group>"; };
		351345BF27F90BB500658436 /* MovieCast.swift */ = {isa = PBXFileReference; lastKnownFileType = sourcecode.swift; path = MovieCast.swift; sourceTree = "<group>"; };
		351345C127F90BD800658436 /* MovieCrew.swift */ = {isa = PBXFileReference; lastKnownFileType = sourcecode.swift; path = MovieCrew.swift; sourceTree = "<group>"; };
		351345C327F90BEB00658436 /* MovieVideoResponse.swift */ = {isa = PBXFileReference; lastKnownFileType = sourcecode.swift; path = MovieVideoResponse.swift; sourceTree = "<group>"; };
		351345C527F90BFD00658436 /* MovieVideo.swift */ = {isa = PBXFileReference; lastKnownFileType = sourcecode.swift; path = MovieVideo.swift; sourceTree = "<group>"; };
		351345C927F90CB400658436 /* MovieVideoTests.swift */ = {isa = PBXFileReference; lastKnownFileType = sourcecode.swift; path = MovieVideoTests.swift; sourceTree = "<group>"; };
		35CA725E27F8E2330025825D /* tmdbUITests.xctest */ = {isa = PBXFileReference; explicitFileType = wrapper.cfbundle; includeInIndex = 0; path = tmdbUITests.xctest; sourceTree = BUILT_PRODUCTS_DIR; };
		35CA726027F8E2330025825D /* tmdbUITests.swift */ = {isa = PBXFileReference; lastKnownFileType = sourcecode.swift; path = tmdbUITests.swift; sourceTree = "<group>"; };
		35CA726227F8E2330025825D /* tmdbUITestsLaunchTests.swift */ = {isa = PBXFileReference; lastKnownFileType = sourcecode.swift; path = tmdbUITestsLaunchTests.swift; sourceTree = "<group>"; };
		35F4FFD627F772F200C80006 /* tmdbTests.xctest */ = {isa = PBXFileReference; explicitFileType = wrapper.cfbundle; includeInIndex = 0; path = tmdbTests.xctest; sourceTree = BUILT_PRODUCTS_DIR; };
		35F4FFD827F772F200C80006 /* tmdbTests.swift */ = {isa = PBXFileReference; lastKnownFileType = sourcecode.swift; path = tmdbTests.swift; sourceTree = "<group>"; };
		8D0C547927EEC84000EF8B41 /* MovieDetailView.swift */ = {isa = PBXFileReference; lastKnownFileType = sourcecode.swift; path = MovieDetailView.swift; sourceTree = "<group>"; };
		8D0C547C27EEC8C600EF8B41 /* MovieDetailState.swift */ = {isa = PBXFileReference; lastKnownFileType = sourcecode.swift; path = MovieDetailState.swift; sourceTree = "<group>"; };
		8D0C547F27EECB7800EF8B41 /* MovieDetailListView.swift */ = {isa = PBXFileReference; lastKnownFileType = sourcecode.swift; path = MovieDetailListView.swift; sourceTree = "<group>"; };
		8D0C548227EECBF000EF8B41 /* MovieDetailImage.swift */ = {isa = PBXFileReference; lastKnownFileType = sourcecode.swift; path = MovieDetailImage.swift; sourceTree = "<group>"; };
		8DC311C027EE9C1E0095464D /* MovieThumbnailView.swift */ = {isa = PBXFileReference; lastKnownFileType = sourcecode.swift; path = MovieThumbnailView.swift; sourceTree = "<group>"; };
		8DC311C327EE9EAF0095464D /* MovieThumbnailCarouselView.swift */ = {isa = PBXFileReference; lastKnownFileType = sourcecode.swift; path = MovieThumbnailCarouselView.swift; sourceTree = "<group>"; };
		8DC311C727EEA0050095464D /* MovieHomeView.swift */ = {isa = PBXFileReference; lastKnownFileType = sourcecode.swift; path = MovieHomeView.swift; sourceTree = "<group>"; };
		8DC311CA27EEA0520095464D /* MovieListState.swift */ = {isa = PBXFileReference; lastKnownFileType = sourcecode.swift; path = MovieListState.swift; sourceTree = "<group>"; };
		8DC311CF27EEA2CA0095464D /* ActivityIndicatorView.swift */ = {isa = PBXFileReference; lastKnownFileType = sourcecode.swift; path = ActivityIndicatorView.swift; sourceTree = "<group>"; };
		8DC311D327EEA3630095464D /* LoadingView.swift */ = {isa = PBXFileReference; lastKnownFileType = sourcecode.swift; path = LoadingView.swift; sourceTree = "<group>"; };
		8DDD07FE27EEDD7E00B6D0BD /* SafariView.swift */ = {isa = PBXFileReference; lastKnownFileType = sourcecode.swift; path = SafariView.swift; sourceTree = "<group>"; };
		8DDD080227EFC20800B6D0BD /* MovieSearchView.swift */ = {isa = PBXFileReference; lastKnownFileType = sourcecode.swift; path = MovieSearchView.swift; sourceTree = "<group>"; };
		8DDD080527EFC2B100B6D0BD /* SearchBarView.swift */ = {isa = PBXFileReference; lastKnownFileType = sourcecode.swift; path = SearchBarView.swift; sourceTree = "<group>"; };
		8DDD080827EFC3A800B6D0BD /* MovieSearchState.swift */ = {isa = PBXFileReference; lastKnownFileType = sourcecode.swift; path = MovieSearchState.swift; sourceTree = "<group>"; };
		8DF8691327EE246E00288F17 /* tmdb.app */ = {isa = PBXFileReference; explicitFileType = wrapper.application; includeInIndex = 0; path = tmdb.app; sourceTree = BUILT_PRODUCTS_DIR; };
		8DF8691627EE246E00288F17 /* AppDelegate.swift */ = {isa = PBXFileReference; lastKnownFileType = sourcecode.swift; path = AppDelegate.swift; sourceTree = "<group>"; };
		8DF8691827EE246E00288F17 /* SceneDelegate.swift */ = {isa = PBXFileReference; lastKnownFileType = sourcecode.swift; path = SceneDelegate.swift; sourceTree = "<group>"; };
		8DF8691A27EE246E00288F17 /* ContentView.swift */ = {isa = PBXFileReference; lastKnownFileType = sourcecode.swift; path = ContentView.swift; sourceTree = "<group>"; };
		8DF8691C27EE246F00288F17 /* Assets.xcassets */ = {isa = PBXFileReference; lastKnownFileType = folder.assetcatalog; path = Assets.xcassets; sourceTree = "<group>"; };
		8DF8691F27EE246F00288F17 /* Preview Assets.xcassets */ = {isa = PBXFileReference; lastKnownFileType = folder.assetcatalog; path = "Preview Assets.xcassets"; sourceTree = "<group>"; };
		8DF8692227EE246F00288F17 /* Base */ = {isa = PBXFileReference; lastKnownFileType = file.storyboard; name = Base; path = Base.lproj/LaunchScreen.storyboard; sourceTree = "<group>"; };
		8DF8692427EE246F00288F17 /* Info.plist */ = {isa = PBXFileReference; lastKnownFileType = text.plist.xml; path = Info.plist; sourceTree = "<group>"; };
		8DF8692D27EE274E00288F17 /* Movie.swift */ = {isa = PBXFileReference; lastKnownFileType = sourcecode.swift; path = Movie.swift; sourceTree = "<group>"; };
		8DF8693227EE284800288F17 /* MovieService.swift */ = {isa = PBXFileReference; lastKnownFileType = sourcecode.swift; path = MovieService.swift; sourceTree = "<group>"; };
		8DF8693527EE2BB300288F17 /* MovieStore.swift */ = {isa = PBXFileReference; lastKnownFileType = sourcecode.swift; path = MovieStore.swift; sourceTree = "<group>"; };
		8DF8693827EE2D2100288F17 /* Utils.swift */ = {isa = PBXFileReference; lastKnownFileType = sourcecode.swift; path = Utils.swift; sourceTree = "<group>"; };
		8DF8693B27EE3BAF00288F17 /* Movie+Stub.swift */ = {isa = PBXFileReference; lastKnownFileType = sourcecode.swift; path = "Movie+Stub.swift"; sourceTree = "<group>"; };
		8DF8693F27EE3F8100288F17 /* movie_info.json */ = {isa = PBXFileReference; lastKnownFileType = text.json; path = movie_info.json; sourceTree = "<group>"; };
		8DF8694427EE3FA600288F17 /* movie_list.json */ = {isa = PBXFileReference; lastKnownFileType = text.json; path = movie_list.json; sourceTree = "<group>"; };
		8DF8694827EE3FC900288F17 /* seach_movie.json */ = {isa = PBXFileReference; lastKnownFileType = text.json; path = seach_movie.json; sourceTree = "<group>"; };
		8DF8695227EE439000288F17 /* ImageLoader.swift */ = {isa = PBXFileReference; lastKnownFileType = sourcecode.swift; path = ImageLoader.swift; sourceTree = "<group>"; };
		FF7E0F9927F228ED00852639 /* MoviesByCategoryView.swift */ = {isa = PBXFileReference; lastKnownFileType = sourcecode.swift; path = MoviesByCategoryView.swift; sourceTree = "<group>"; };
		FFB3B04227F182D700413F7A /* MovieRowView.swift */ = {isa = PBXFileReference; lastKnownFileType = sourcecode.swift; path = MovieRowView.swift; sourceTree = "<group>"; };
		FFE6C80927F369D0007C76A5 /* PagingData.swift */ = {isa = PBXFileReference; lastKnownFileType = sourcecode.swift; path = PagingData.swift; sourceTree = "<group>"; };
		FFF4C7C227F0E1A0005415A4 /* MovieSection.swift */ = {isa = PBXFileReference; lastKnownFileType = sourcecode.swift; path = MovieSection.swift; sourceTree = "<group>"; };
		FFF4C7C427F0F730005415A4 /* DataFetchPhase.swift */ = {isa = PBXFileReference; lastKnownFileType = sourcecode.swift; path = DataFetchPhase.swift; sourceTree = "<group>"; };
		FFF4C7C727F0F81A005415A4 /* RetryView.swift */ = {isa = PBXFileReference; lastKnownFileType = sourcecode.swift; path = RetryView.swift; sourceTree = "<group>"; };
		FFF4C7C927F0F8C9005415A4 /* EmptyPlaceholderView.swift */ = {isa = PBXFileReference; lastKnownFileType = sourcecode.swift; path = EmptyPlaceholderView.swift; sourceTree = "<group>"; };
		FFF4C7CB27F0F9A0005415A4 /* DataFetchPhaseOverlayView.swift */ = {isa = PBXFileReference; lastKnownFileType = sourcecode.swift; path = DataFetchPhaseOverlayView.swift; sourceTree = "<group>"; };
		FFF4C7CD27F10DF3005415A4 /* MovieHomeState.swift */ = {isa = PBXFileReference; lastKnownFileType = sourcecode.swift; path = MovieHomeState.swift; sourceTree = "<group>"; };
/* End PBXFileReference section */

/* Begin PBXFrameworksBuildPhase section */
		35CA725B27F8E2330025825D /* Frameworks */ = {
			isa = PBXFrameworksBuildPhase;
			buildActionMask = 2147483647;
			files = (
			);
			runOnlyForDeploymentPostprocessing = 0;
		};
		35F4FFD327F772F200C80006 /* Frameworks */ = {
			isa = PBXFrameworksBuildPhase;
			buildActionMask = 2147483647;
			files = (
			);
			runOnlyForDeploymentPostprocessing = 0;
		};
		8DF8691027EE246E00288F17 /* Frameworks */ = {
			isa = PBXFrameworksBuildPhase;
			buildActionMask = 2147483647;
			files = (
			);
			runOnlyForDeploymentPostprocessing = 0;
		};
/* End PBXFrameworksBuildPhase section */

/* Begin PBXGroup section */
		351345B827F90B4B00658436 /* Movie */ = {
			isa = PBXGroup;
			children = (
				8DF8692D27EE274E00288F17 /* Movie.swift */,
				351345B927F90B6000658436 /* MovieResponse.swift */,
				351345BB27F90B8100658436 /* MovieGenre.swift */,
				351345BD27F90BA500658436 /* MovieCredit.swift */,
				351345BF27F90BB500658436 /* MovieCast.swift */,
				351345C127F90BD800658436 /* MovieCrew.swift */,
				351345C327F90BEB00658436 /* MovieVideoResponse.swift */,
				351345C527F90BFD00658436 /* MovieVideo.swift */,
			);
			path = Movie;
			sourceTree = "<group>";
		};
		351345C727F90C9000658436 /* Models */ = {
			isa = PBXGroup;
			children = (
				351345C827F90C9800658436 /* Movie */,
			);
			path = Models;
			sourceTree = "<group>";
		};
		351345C827F90C9800658436 /* Movie */ = {
			isa = PBXGroup;
			children = (
				351345C927F90CB400658436 /* MovieVideoTests.swift */,
			);
			path = Movie;
			sourceTree = "<group>";
		};
		35CA725F27F8E2330025825D /* tmdbUITests */ = {
			isa = PBXGroup;
			children = (
				35CA726027F8E2330025825D /* tmdbUITests.swift */,
				35CA726227F8E2330025825D /* tmdbUITestsLaunchTests.swift */,
			);
			path = tmdbUITests;
			sourceTree = "<group>";
		};
		35F4FFD727F772F200C80006 /* tmdbTests */ = {
			isa = PBXGroup;
			children = (
				351345C727F90C9000658436 /* Models */,
				35F4FFD827F772F200C80006 /* tmdbTests.swift */,
			);
			path = tmdbTests;
			sourceTree = "<group>";
		};
		8DC311CE27EEA2B70095464D /* UIKitViews */ = {
			isa = PBXGroup;
			children = (
				8DDD080527EFC2B100B6D0BD /* SearchBarView.swift */,
				8DC311CF27EEA2CA0095464D /* ActivityIndicatorView.swift */,
				8DDD07FE27EEDD7E00B6D0BD /* SafariView.swift */,
			);
			path = UIKitViews;
			sourceTree = "<group>";
		};
		8DF8690A27EE246E00288F17 = {
			isa = PBXGroup;
			children = (
				8DF8691527EE246E00288F17 /* tmdb */,
				35F4FFD727F772F200C80006 /* tmdbTests */,
				35CA725F27F8E2330025825D /* tmdbUITests */,
				8DF8691427EE246E00288F17 /* Products */,
			);
			sourceTree = "<group>";
		};
		8DF8691427EE246E00288F17 /* Products */ = {
			isa = PBXGroup;
			children = (
				8DF8691327EE246E00288F17 /* tmdb.app */,
				35F4FFD627F772F200C80006 /* tmdbTests.xctest */,
				35CA725E27F8E2330025825D /* tmdbUITests.xctest */,
			);
			name = Products;
			sourceTree = "<group>";
		};
		8DF8691527EE246E00288F17 /* tmdb */ = {
			isa = PBXGroup;
			children = (
				8DF8691627EE246E00288F17 /* AppDelegate.swift */,
				8DF8691C27EE246F00288F17 /* Assets.xcassets */,
				8DF8695127EE437300288F17 /* Bindings */,
				8DF8691A27EE246E00288F17 /* ContentView.swift */,
				8DF8692427EE246F00288F17 /* Info.plist */,
				8DF8692127EE246F00288F17 /* LaunchScreen.storyboard */,
				8DF8692C27EE274100288F17 /* Models */,
				FFF4C7C627F0F7EB005415A4 /* Overlay Views */,
				8DF8691E27EE246F00288F17 /* Preview Content */,
				8DF8693E27EE3BFD00288F17 /* Resources */,
				8DF8691827EE246E00288F17 /* SceneDelegate.swift */,
				8DF8693127EE283600288F17 /* Services */,
				8DF8693827EE2D2100288F17 /* Utils.swift */,
				8DF8694C27EE421C00288F17 /* Views */,
			);
			path = tmdb;
			sourceTree = "<group>";
		};
		8DF8691E27EE246F00288F17 /* Preview Content */ = {
			isa = PBXGroup;
			children = (
				8DF8691F27EE246F00288F17 /* Preview Assets.xcassets */,
			);
			path = "Preview Content";
			sourceTree = "<group>";
		};
		8DF8692C27EE274100288F17 /* Models */ = {
			isa = PBXGroup;
			children = (
				351345B827F90B4B00658436 /* Movie */,
				8DF8693B27EE3BAF00288F17 /* Movie+Stub.swift */,
				FFF4C7C227F0E1A0005415A4 /* MovieSection.swift */,
				FFF4C7C427F0F730005415A4 /* DataFetchPhase.swift */,
				FFE6C80927F369D0007C76A5 /* PagingData.swift */,
			);
			path = Models;
			sourceTree = "<group>";
		};
		8DF8693127EE283600288F17 /* Services */ = {
			isa = PBXGroup;
			children = (
				8DF8693227EE284800288F17 /* MovieService.swift */,
				8DF8693527EE2BB300288F17 /* MovieStore.swift */,
			);
			path = Services;
			sourceTree = "<group>";
		};
		8DF8693E27EE3BFD00288F17 /* Resources */ = {
			isa = PBXGroup;
			children = (
				8DF8693F27EE3F8100288F17 /* movie_info.json */,
				8DF8694427EE3FA600288F17 /* movie_list.json */,
				8DF8694827EE3FC900288F17 /* seach_movie.json */,
			);
			path = Resources;
			sourceTree = "<group>";
		};
		8DF8694C27EE421C00288F17 /* Views */ = {
			isa = PBXGroup;
			children = (
				8DC311D327EEA3630095464D /* LoadingView.swift */,
				8D0C548227EECBF000EF8B41 /* MovieDetailImage.swift */,
				8D0C547F27EECB7800EF8B41 /* MovieDetailListView.swift */,
				FF7E0F9927F228ED00852639 /* MoviesByCategoryView.swift */,
				FFB3B04227F182D700413F7A /* MovieRowView.swift */,
				8D0C547927EEC84000EF8B41 /* MovieDetailView.swift */,
				8DC311C727EEA0050095464D /* MovieHomeView.swift */,
				8DDD080227EFC20800B6D0BD /* MovieSearchView.swift */,
				8DC311C027EE9C1E0095464D /* MovieThumbnailView.swift */,
				8DC311C327EE9EAF0095464D /* MovieThumbnailCarouselView.swift */,
				8DC311CE27EEA2B70095464D /* UIKitViews */,
			);
			path = Views;
			sourceTree = "<group>";
		};
		8DF8695127EE437300288F17 /* Bindings */ = {
			isa = PBXGroup;
			children = (
				8DF8695227EE439000288F17 /* ImageLoader.swift */,
				8DC311CA27EEA0520095464D /* MovieListState.swift */,
				8D0C547C27EEC8C600EF8B41 /* MovieDetailState.swift */,
				8DDD080827EFC3A800B6D0BD /* MovieSearchState.swift */,
				FFF4C7CD27F10DF3005415A4 /* MovieHomeState.swift */,
			);
			path = Bindings;
			sourceTree = "<group>";
		};
		FFF4C7C627F0F7EB005415A4 /* Overlay Views */ = {
			isa = PBXGroup;
			children = (
				FFF4C7C727F0F81A005415A4 /* RetryView.swift */,
				FFF4C7C927F0F8C9005415A4 /* EmptyPlaceholderView.swift */,
				FFF4C7CB27F0F9A0005415A4 /* DataFetchPhaseOverlayView.swift */,
			);
			path = "Overlay Views";
			sourceTree = "<group>";
		};
/* End PBXGroup section */

/* Begin PBXNativeTarget section */
		35CA725D27F8E2330025825D /* tmdbUITests */ = {
			isa = PBXNativeTarget;
			buildConfigurationList = 35CA726827F8E2330025825D /* Build configuration list for PBXNativeTarget "tmdbUITests" */;
			buildPhases = (
				35CA725A27F8E2330025825D /* Sources */,
				35CA725B27F8E2330025825D /* Frameworks */,
				35CA725C27F8E2330025825D /* Resources */,
			);
			buildRules = (
			);
			dependencies = (
				35CA726527F8E2330025825D /* PBXTargetDependency */,
			);
			name = tmdbUITests;
			productName = tmdbUITests;
			productReference = 35CA725E27F8E2330025825D /* tmdbUITests.xctest */;
			productType = "com.apple.product-type.bundle.ui-testing";
		};
		35F4FFD527F772F200C80006 /* tmdbTests */ = {
			isa = PBXNativeTarget;
			buildConfigurationList = 35F4FFDE27F772F200C80006 /* Build configuration list for PBXNativeTarget "tmdbTests" */;
			buildPhases = (
				35F4FFD227F772F200C80006 /* Sources */,
				35F4FFD327F772F200C80006 /* Frameworks */,
				35F4FFD427F772F200C80006 /* Resources */,
			);
			buildRules = (
			);
			dependencies = (
				35F4FFDB27F772F200C80006 /* PBXTargetDependency */,
			);
			name = tmdbTests;
			productName = tmdbTests;
			productReference = 35F4FFD627F772F200C80006 /* tmdbTests.xctest */;
			productType = "com.apple.product-type.bundle.unit-test";
		};
		8DF8691227EE246E00288F17 /* tmdb */ = {
			isa = PBXNativeTarget;
			buildConfigurationList = 8DF8692727EE246F00288F17 /* Build configuration list for PBXNativeTarget "tmdb" */;
			buildPhases = (
				8DF8690F27EE246E00288F17 /* Sources */,
				8DF8691027EE246E00288F17 /* Frameworks */,
				8DF8691127EE246E00288F17 /* Resources */,
			);
			buildRules = (
			);
			dependencies = (
			);
			name = tmdb;
			productName = tmdb;
			productReference = 8DF8691327EE246E00288F17 /* tmdb.app */;
			productType = "com.apple.product-type.application";
		};
/* End PBXNativeTarget section */

/* Begin PBXProject section */
		8DF8690B27EE246E00288F17 /* Project object */ = {
			isa = PBXProject;
			attributes = {
				LastSwiftUpdateCheck = 1330;
				LastUpgradeCheck = 1240;
				TargetAttributes = {
					35CA725D27F8E2330025825D = {
						CreatedOnToolsVersion = 13.3;
						TestTargetID = 8DF8691227EE246E00288F17;
					};
					35F4FFD527F772F200C80006 = {
						CreatedOnToolsVersion = 13.3;
						TestTargetID = 8DF8691227EE246E00288F17;
					};
					8DF8691227EE246E00288F17 = {
						CreatedOnToolsVersion = 12.4;
					};
				};
			};
			buildConfigurationList = 8DF8690E27EE246E00288F17 /* Build configuration list for PBXProject "tmdb" */;
			compatibilityVersion = "Xcode 9.3";
			developmentRegion = en;
			hasScannedForEncodings = 0;
			knownRegions = (
				en,
				Base,
			);
			mainGroup = 8DF8690A27EE246E00288F17;
			productRefGroup = 8DF8691427EE246E00288F17 /* Products */;
			projectDirPath = "";
			projectRoot = "";
			targets = (
				8DF8691227EE246E00288F17 /* tmdb */,
				35F4FFD527F772F200C80006 /* tmdbTests */,
				35CA725D27F8E2330025825D /* tmdbUITests */,
			);
		};
/* End PBXProject section */

/* Begin PBXResourcesBuildPhase section */
		35CA725C27F8E2330025825D /* Resources */ = {
			isa = PBXResourcesBuildPhase;
			buildActionMask = 2147483647;
			files = (
			);
			runOnlyForDeploymentPostprocessing = 0;
		};
		35F4FFD427F772F200C80006 /* Resources */ = {
			isa = PBXResourcesBuildPhase;
			buildActionMask = 2147483647;
			files = (
			);
			runOnlyForDeploymentPostprocessing = 0;
		};
		8DF8691127EE246E00288F17 /* Resources */ = {
			isa = PBXResourcesBuildPhase;
			buildActionMask = 2147483647;
			files = (
				8DF8692327EE246F00288F17 /* LaunchScreen.storyboard in Resources */,
				8DF8692027EE246F00288F17 /* Preview Assets.xcassets in Resources */,
				8DF8691D27EE246F00288F17 /* Assets.xcassets in Resources */,
			);
			runOnlyForDeploymentPostprocessing = 0;
		};
/* End PBXResourcesBuildPhase section */

/* Begin PBXSourcesBuildPhase section */
		35CA725A27F8E2330025825D /* Sources */ = {
			isa = PBXSourcesBuildPhase;
			buildActionMask = 2147483647;
			files = (
				35CA726127F8E2330025825D /* tmdbUITests.swift in Sources */,
				35CA726327F8E2330025825D /* tmdbUITestsLaunchTests.swift in Sources */,
			);
			runOnlyForDeploymentPostprocessing = 0;
		};
		35F4FFD227F772F200C80006 /* Sources */ = {
			isa = PBXSourcesBuildPhase;
			buildActionMask = 2147483647;
			files = (
				351345CA27F90CB400658436 /* MovieVideoTests.swift in Sources */,
				35F4FFD927F772F200C80006 /* tmdbTests.swift in Sources */,
			);
			runOnlyForDeploymentPostprocessing = 0;
		};
		8DF8690F27EE246E00288F17 /* Sources */ = {
			isa = PBXSourcesBuildPhase;
			buildActionMask = 2147483647;
			files = (
				8DF8691727EE246E00288F17 /* AppDelegate.swift in Sources */,
				8DF8691927EE246E00288F17 /* SceneDelegate.swift in Sources */,
				8D0C548027EECB7800EF8B41 /* MovieDetailListView.swift in Sources */,
				FFF4C7C827F0F81A005415A4 /* RetryView.swift in Sources */,
				FFB3B04327F182D700413F7A /* MovieRowView.swift in Sources */,
				FFF4C7CC27F0F9A0005415A4 /* DataFetchPhaseOverlayView.swift in Sources */,
				FFF4C7CA27F0F8C9005415A4 /* EmptyPlaceholderView.swift in Sources */,
				8DF8694927EE3FC900288F17 /* seach_movie.json in Sources */,
				FFF4C7CE27F10DF3005415A4 /* MovieHomeState.swift in Sources */,
				8D0C547D27EEC8C600EF8B41 /* MovieDetailState.swift in Sources */,
				8DC311C827EEA0050095464D /* MovieHomeView.swift in Sources */,
				FFF4C7C327F0E1A0005415A4 /* MovieSection.swift in Sources */,
				8DF8694527EE3FA600288F17 /* movie_list.json in Sources */,
				8D0C548327EECBF000EF8B41 /* MovieDetailImage.swift in Sources */,
				351345BC27F90B8100658436 /* MovieGenre.swift in Sources */,
				8DDD080927EFC3A800B6D0BD /* MovieSearchState.swift in Sources */,
				8DF8692E27EE274E00288F17 /* Movie.swift in Sources */,
				FFE6C80A27F369D0007C76A5 /* PagingData.swift in Sources */,
				8D0C547A27EEC84000EF8B41 /* MovieDetailView.swift in Sources */,
				8DF8693927EE2D2100288F17 /* Utils.swift in Sources */,
				8DC311C127EE9C1E0095464D /* MovieThumbnailView.swift in Sources */,
				8DF8693C27EE3BAF00288F17 /* Movie+Stub.swift in Sources */,
				8DF8691B27EE246E00288F17 /* ContentView.swift in Sources */,
				FFF4C7C527F0F730005415A4 /* DataFetchPhase.swift in Sources */,
				8DDD080627EFC2B100B6D0BD /* SearchBarView.swift in Sources */,
				8DF8693627EE2BB300288F17 /* MovieStore.swift in Sources */,
				351345C427F90BEB00658436 /* MovieVideoResponse.swift in Sources */,
				8DC311D027EEA2CA0095464D /* ActivityIndicatorView.swift in Sources */,
				351345C627F90BFD00658436 /* MovieVideo.swift in Sources */,
				351345C227F90BD800658436 /* MovieCrew.swift in Sources */,
				351345C027F90BB500658436 /* MovieCast.swift in Sources */,
				8DDD080327EFC20800B6D0BD /* MovieSearchView.swift in Sources */,
				8DC311D427EEA3630095464D /* LoadingView.swift in Sources */,
				FF7E0F9A27F228ED00852639 /* MoviesByCategoryView.swift in Sources */,
				8DF8693327EE284800288F17 /* MovieService.swift in Sources */,
				351345BE27F90BA500658436 /* MovieCredit.swift in Sources */,
				8DDD07FF27EEDD7E00B6D0BD /* SafariView.swift in Sources */,
				8DC311CB27EEA0520095464D /* MovieListState.swift in Sources */,
				8DF8694027EE3F8100288F17 /* movie_info.json in Sources */,
				351345BA27F90B6000658436 /* MovieResponse.swift in Sources */,
				8DC311C427EE9EAF0095464D /* MovieThumbnailCarouselView.swift in Sources */,
				8DF8695327EE439000288F17 /* ImageLoader.swift in Sources */,
			);
			runOnlyForDeploymentPostprocessing = 0;
		};
/* End PBXSourcesBuildPhase section */

/* Begin PBXTargetDependency section */
		35CA726527F8E2330025825D /* PBXTargetDependency */ = {
			isa = PBXTargetDependency;
			target = 8DF8691227EE246E00288F17 /* tmdb */;
			targetProxy = 35CA726427F8E2330025825D /* PBXContainerItemProxy */;
		};
		35F4FFDB27F772F200C80006 /* PBXTargetDependency */ = {
			isa = PBXTargetDependency;
			target = 8DF8691227EE246E00288F17 /* tmdb */;
			targetProxy = 35F4FFDA27F772F200C80006 /* PBXContainerItemProxy */;
		};
/* End PBXTargetDependency section */

/* Begin PBXVariantGroup section */
		8DF8692127EE246F00288F17 /* LaunchScreen.storyboard */ = {
			isa = PBXVariantGroup;
			children = (
				8DF8692227EE246F00288F17 /* Base */,
			);
			name = LaunchScreen.storyboard;
			sourceTree = "<group>";
		};
/* End PBXVariantGroup section */

/* Begin XCBuildConfiguration section */
		35CA726627F8E2330025825D /* Debug */ = {
			isa = XCBuildConfiguration;
			buildSettings = {
				CLANG_CXX_LANGUAGE_STANDARD = "gnu++17";
				CODE_SIGN_STYLE = Automatic;
				CURRENT_PROJECT_VERSION = 1;
				DEVELOPMENT_TEAM = 9KBP56D9WU;
				GENERATE_INFOPLIST_FILE = YES;
				MARKETING_VERSION = 1.0;
				PRODUCT_BUNDLE_IDENTIFIER = com.jlwayas.tmdbUITests;
				PRODUCT_NAME = "$(TARGET_NAME)";
				SWIFT_EMIT_LOC_STRINGS = NO;
				SWIFT_VERSION = 5.0;
				TARGETED_DEVICE_FAMILY = "1,2";
				TEST_TARGET_NAME = tmdb;
			};
			name = Debug;
		};
		35CA726727F8E2330025825D /* Release */ = {
			isa = XCBuildConfiguration;
			buildSettings = {
				CLANG_CXX_LANGUAGE_STANDARD = "gnu++17";
				CODE_SIGN_STYLE = Automatic;
				CURRENT_PROJECT_VERSION = 1;
				DEVELOPMENT_TEAM = 9KBP56D9WU;
				GENERATE_INFOPLIST_FILE = YES;
				MARKETING_VERSION = 1.0;
				PRODUCT_BUNDLE_IDENTIFIER = com.jlwayas.tmdbUITests;
				PRODUCT_NAME = "$(TARGET_NAME)";
				SWIFT_EMIT_LOC_STRINGS = NO;
				SWIFT_VERSION = 5.0;
				TARGETED_DEVICE_FAMILY = "1,2";
				TEST_TARGET_NAME = tmdb;
			};
			name = Release;
		};
		35F4FFDC27F772F200C80006 /* Debug */ = {
			isa = XCBuildConfiguration;
			buildSettings = {
				BUNDLE_LOADER = "$(TEST_HOST)";
				CLANG_CXX_LANGUAGE_STANDARD = "gnu++17";
				CODE_SIGN_STYLE = Automatic;
				CURRENT_PROJECT_VERSION = 1;
				DEVELOPMENT_TEAM = 9KBP56D9WU;
				GENERATE_INFOPLIST_FILE = YES;
				MARKETING_VERSION = 1.0;
				PRODUCT_BUNDLE_IDENTIFIER = com.jlwayas.tmdbTests;
				PRODUCT_NAME = "$(TARGET_NAME)";
				SWIFT_EMIT_LOC_STRINGS = NO;
				SWIFT_VERSION = 5.0;
				TARGETED_DEVICE_FAMILY = "1,2";
				TEST_HOST = "$(BUILT_PRODUCTS_DIR)/tmdb.app/tmdb";
			};
			name = Debug;
		};
		35F4FFDD27F772F200C80006 /* Release */ = {
			isa = XCBuildConfiguration;
			buildSettings = {
				BUNDLE_LOADER = "$(TEST_HOST)";
				CLANG_CXX_LANGUAGE_STANDARD = "gnu++17";
				CODE_SIGN_STYLE = Automatic;
				CURRENT_PROJECT_VERSION = 1;
				DEVELOPMENT_TEAM = 9KBP56D9WU;
				GENERATE_INFOPLIST_FILE = YES;
				MARKETING_VERSION = 1.0;
				PRODUCT_BUNDLE_IDENTIFIER = com.jlwayas.tmdbTests;
				PRODUCT_NAME = "$(TARGET_NAME)";
				SWIFT_EMIT_LOC_STRINGS = NO;
				SWIFT_VERSION = 5.0;
				TARGETED_DEVICE_FAMILY = "1,2";
				TEST_HOST = "$(BUILT_PRODUCTS_DIR)/tmdb.app/tmdb";
			};
			name = Release;
		};
		8DF8692527EE246F00288F17 /* Debug */ = {
			isa = XCBuildConfiguration;
			buildSettings = {
				ALWAYS_SEARCH_USER_PATHS = NO;
				CLANG_ANALYZER_NONNULL = YES;
				CLANG_ANALYZER_NUMBER_OBJECT_CONVERSION = YES_AGGRESSIVE;
				CLANG_CXX_LANGUAGE_STANDARD = "gnu++14";
				CLANG_CXX_LIBRARY = "libc++";
				CLANG_ENABLE_MODULES = YES;
				CLANG_ENABLE_OBJC_ARC = YES;
				CLANG_ENABLE_OBJC_WEAK = YES;
				CLANG_WARN_BLOCK_CAPTURE_AUTORELEASING = YES;
				CLANG_WARN_BOOL_CONVERSION = YES;
				CLANG_WARN_COMMA = YES;
				CLANG_WARN_CONSTANT_CONVERSION = YES;
				CLANG_WARN_DEPRECATED_OBJC_IMPLEMENTATIONS = YES;
				CLANG_WARN_DIRECT_OBJC_ISA_USAGE = YES_ERROR;
				CLANG_WARN_DOCUMENTATION_COMMENTS = YES;
				CLANG_WARN_EMPTY_BODY = YES;
				CLANG_WARN_ENUM_CONVERSION = YES;
				CLANG_WARN_INFINITE_RECURSION = YES;
				CLANG_WARN_INT_CONVERSION = YES;
				CLANG_WARN_NON_LITERAL_NULL_CONVERSION = YES;
				CLANG_WARN_OBJC_IMPLICIT_RETAIN_SELF = YES;
				CLANG_WARN_OBJC_LITERAL_CONVERSION = YES;
				CLANG_WARN_OBJC_ROOT_CLASS = YES_ERROR;
				CLANG_WARN_QUOTED_INCLUDE_IN_FRAMEWORK_HEADER = YES;
				CLANG_WARN_RANGE_LOOP_ANALYSIS = YES;
				CLANG_WARN_STRICT_PROTOTYPES = YES;
				CLANG_WARN_SUSPICIOUS_MOVE = YES;
				CLANG_WARN_UNGUARDED_AVAILABILITY = YES_AGGRESSIVE;
				CLANG_WARN_UNREACHABLE_CODE = YES;
				CLANG_WARN__DUPLICATE_METHOD_MATCH = YES;
				COPY_PHASE_STRIP = NO;
				DEBUG_INFORMATION_FORMAT = dwarf;
				ENABLE_STRICT_OBJC_MSGSEND = YES;
				ENABLE_TESTABILITY = YES;
				GCC_C_LANGUAGE_STANDARD = gnu11;
				GCC_DYNAMIC_NO_PIC = NO;
				GCC_NO_COMMON_BLOCKS = YES;
				GCC_OPTIMIZATION_LEVEL = 0;
				GCC_PREPROCESSOR_DEFINITIONS = (
					"DEBUG=1",
					"$(inherited)",
				);
				GCC_WARN_64_TO_32_BIT_CONVERSION = YES;
				GCC_WARN_ABOUT_RETURN_TYPE = YES_ERROR;
				GCC_WARN_UNDECLARED_SELECTOR = YES;
				GCC_WARN_UNINITIALIZED_AUTOS = YES_AGGRESSIVE;
				GCC_WARN_UNUSED_FUNCTION = YES;
				GCC_WARN_UNUSED_VARIABLE = YES;
				IPHONEOS_DEPLOYMENT_TARGET = 15.4;
				MTL_ENABLE_DEBUG_INFO = INCLUDE_SOURCE;
				MTL_FAST_MATH = YES;
				ONLY_ACTIVE_ARCH = YES;
				SDKROOT = iphoneos;
				SWIFT_ACTIVE_COMPILATION_CONDITIONS = DEBUG;
				SWIFT_OPTIMIZATION_LEVEL = "-Onone";
			};
			name = Debug;
		};
		8DF8692627EE246F00288F17 /* Release */ = {
			isa = XCBuildConfiguration;
			buildSettings = {
				ALWAYS_SEARCH_USER_PATHS = NO;
				CLANG_ANALYZER_NONNULL = YES;
				CLANG_ANALYZER_NUMBER_OBJECT_CONVERSION = YES_AGGRESSIVE;
				CLANG_CXX_LANGUAGE_STANDARD = "gnu++14";
				CLANG_CXX_LIBRARY = "libc++";
				CLANG_ENABLE_MODULES = YES;
				CLANG_ENABLE_OBJC_ARC = YES;
				CLANG_ENABLE_OBJC_WEAK = YES;
				CLANG_WARN_BLOCK_CAPTURE_AUTORELEASING = YES;
				CLANG_WARN_BOOL_CONVERSION = YES;
				CLANG_WARN_COMMA = YES;
				CLANG_WARN_CONSTANT_CONVERSION = YES;
				CLANG_WARN_DEPRECATED_OBJC_IMPLEMENTATIONS = YES;
				CLANG_WARN_DIRECT_OBJC_ISA_USAGE = YES_ERROR;
				CLANG_WARN_DOCUMENTATION_COMMENTS = YES;
				CLANG_WARN_EMPTY_BODY = YES;
				CLANG_WARN_ENUM_CONVERSION = YES;
				CLANG_WARN_INFINITE_RECURSION = YES;
				CLANG_WARN_INT_CONVERSION = YES;
				CLANG_WARN_NON_LITERAL_NULL_CONVERSION = YES;
				CLANG_WARN_OBJC_IMPLICIT_RETAIN_SELF = YES;
				CLANG_WARN_OBJC_LITERAL_CONVERSION = YES;
				CLANG_WARN_OBJC_ROOT_CLASS = YES_ERROR;
				CLANG_WARN_QUOTED_INCLUDE_IN_FRAMEWORK_HEADER = YES;
				CLANG_WARN_RANGE_LOOP_ANALYSIS = YES;
				CLANG_WARN_STRICT_PROTOTYPES = YES;
				CLANG_WARN_SUSPICIOUS_MOVE = YES;
				CLANG_WARN_UNGUARDED_AVAILABILITY = YES_AGGRESSIVE;
				CLANG_WARN_UNREACHABLE_CODE = YES;
				CLANG_WARN__DUPLICATE_METHOD_MATCH = YES;
				COPY_PHASE_STRIP = NO;
				DEBUG_INFORMATION_FORMAT = "dwarf-with-dsym";
				ENABLE_NS_ASSERTIONS = NO;
				ENABLE_STRICT_OBJC_MSGSEND = YES;
				GCC_C_LANGUAGE_STANDARD = gnu11;
				GCC_NO_COMMON_BLOCKS = YES;
				GCC_WARN_64_TO_32_BIT_CONVERSION = YES;
				GCC_WARN_ABOUT_RETURN_TYPE = YES_ERROR;
				GCC_WARN_UNDECLARED_SELECTOR = YES;
				GCC_WARN_UNINITIALIZED_AUTOS = YES_AGGRESSIVE;
				GCC_WARN_UNUSED_FUNCTION = YES;
				GCC_WARN_UNUSED_VARIABLE = YES;
				IPHONEOS_DEPLOYMENT_TARGET = 15.4;
				MTL_ENABLE_DEBUG_INFO = NO;
				MTL_FAST_MATH = YES;
				SDKROOT = iphoneos;
				SWIFT_COMPILATION_MODE = wholemodule;
				SWIFT_OPTIMIZATION_LEVEL = "-O";
				VALIDATE_PRODUCT = YES;
			};
			name = Release;
		};
		8DF8692827EE246F00288F17 /* Debug */ = {
			isa = XCBuildConfiguration;
			buildSettings = {
				ASSETCATALOG_COMPILER_APPICON_NAME = AppIcon;
				ASSETCATALOG_COMPILER_GLOBAL_ACCENT_COLOR_NAME = AccentColor;
				CODE_SIGN_IDENTITY = "Apple Development";
				CODE_SIGN_STYLE = Automatic;
				DEVELOPMENT_ASSET_PATHS = "\"tmdb/Preview Content\"";
				DEVELOPMENT_TEAM = 9KBP56D9WU;
				ENABLE_PREVIEWS = YES;
				INFOPLIST_FILE = tmdb/Info.plist;
				LD_RUNPATH_SEARCH_PATHS = (
					"$(inherited)",
					"@executable_path/Frameworks",
				);
				OTHER_CODE_SIGN_FLAGS = "--generate-entitlement-der";
				PRODUCT_BUNDLE_IDENTIFIER = com.jlwayas.MyVideoApp;
				PRODUCT_NAME = "$(TARGET_NAME)";
				PROVISIONING_PROFILE_SPECIFIER = "";
				SWIFT_VERSION = 5.0;
				TARGETED_DEVICE_FAMILY = "1,2";
			};
			name = Debug;
		};
		8DF8692927EE246F00288F17 /* Release */ = {
			isa = XCBuildConfiguration;
			buildSettings = {
				ASSETCATALOG_COMPILER_APPICON_NAME = AppIcon;
				ASSETCATALOG_COMPILER_GLOBAL_ACCENT_COLOR_NAME = AccentColor;
				CODE_SIGN_IDENTITY = "Apple Development";
				CODE_SIGN_STYLE = Manual;
				DEVELOPMENT_ASSET_PATHS = "\"tmdb/Preview Content\"";
				DEVELOPMENT_TEAM = "";
				ENABLE_PREVIEWS = YES;
				INFOPLIST_FILE = tmdb/Info.plist;
				LD_RUNPATH_SEARCH_PATHS = (
					"$(inherited)",
					"@executable_path/Frameworks",
				);
				OTHER_CODE_SIGN_FLAGS = "--generate-entitlement-der";
				PRODUCT_BUNDLE_IDENTIFIER = com.jlwayas.tmdb2;
				PRODUCT_NAME = "$(TARGET_NAME)";
				PROVISIONING_PROFILE_SPECIFIER = "";
				SWIFT_VERSION = 5.0;
				TARGETED_DEVICE_FAMILY = "1,2";
			};
			name = Release;
		};
/* End XCBuildConfiguration section */

/* Begin XCConfigurationList section */
		35CA726827F8E2330025825D /* Build configuration list for PBXNativeTarget "tmdbUITests" */ = {
			isa = XCConfigurationList;
			buildConfigurations = (
				35CA726627F8E2330025825D /* Debug */,
				35CA726727F8E2330025825D /* Release */,
			);
			defaultConfigurationIsVisible = 0;
			defaultConfigurationName = Release;
		};
		35F4FFDE27F772F200C80006 /* Build configuration list for PBXNativeTarget "tmdbTests" */ = {
			isa = XCConfigurationList;
			buildConfigurations = (
				35F4FFDC27F772F200C80006 /* Debug */,
				35F4FFDD27F772F200C80006 /* Release */,
			);
			defaultConfigurationIsVisible = 0;
			defaultConfigurationName = Release;
		};
		8DF8690E27EE246E00288F17 /* Build configuration list for PBXProject "tmdb" */ = {
			isa = XCConfigurationList;
			buildConfigurations = (
				8DF8692527EE246F00288F17 /* Debug */,
				8DF8692627EE246F00288F17 /* Release */,
			);
			defaultConfigurationIsVisible = 0;
			defaultConfigurationName = Release;
		};
		8DF8692727EE246F00288F17 /* Build configuration list for PBXNativeTarget "tmdb" */ = {
			isa = XCConfigurationList;
			buildConfigurations = (
				8DF8692827EE246F00288F17 /* Debug */,
				8DF8692927EE246F00288F17 /* Release */,
			);
			defaultConfigurationIsVisible = 0;
			defaultConfigurationName = Release;
		};
/* End XCConfigurationList section */
	};
	rootObject = 8DF8690B27EE246E00288F17 /* Project object */;
}
